// !$*UTF8*$!
{
	archiveVersion = 1;
	classes = {
	};
	objectVersion = 46;
	objects = {

/* Begin PBXBuildFile section */
		412198101F310AE200A2467D /* MainRouteControllerViewController.swift in Sources */ = {isa = PBXBuildFile; fileRef = 4121980F1F310AE200A2467D /* MainRouteControllerViewController.swift */; };
		412C30841F38F33300FC8A6C /* Photo+CoreDataClass.swift in Sources */ = {isa = PBXBuildFile; fileRef = 412C30801F38F33300FC8A6C /* Photo+CoreDataClass.swift */; };
		412C30851F38F33300FC8A6C /* Photo+CoreDataProperties.swift in Sources */ = {isa = PBXBuildFile; fileRef = 412C30811F38F33300FC8A6C /* Photo+CoreDataProperties.swift */; };
		412C30861F38F33300FC8A6C /* Route+CoreDataClass.swift in Sources */ = {isa = PBXBuildFile; fileRef = 412C30821F38F33300FC8A6C /* Route+CoreDataClass.swift */; };
		412C30871F38F33300FC8A6C /* Route+CoreDataProperties.swift in Sources */ = {isa = PBXBuildFile; fileRef = 412C30831F38F33300FC8A6C /* Route+CoreDataProperties.swift */; };
		412C30891F38F36C00FC8A6C /* PhotoItem.swift in Sources */ = {isa = PBXBuildFile; fileRef = 412C30881F38F36C00FC8A6C /* PhotoItem.swift */; };
		4151F04F1F3738F300E0F539 /* ConnectionHandler.swift in Sources */ = {isa = PBXBuildFile; fileRef = 4151F04E1F3738F300E0F539 /* ConnectionHandler.swift */; };
		4155E9151F33A6B900AA161E /* ViewRouteViewController.swift in Sources */ = {isa = PBXBuildFile; fileRef = 4155E9141F33A6B900AA161E /* ViewRouteViewController.swift */; };
		4155E9181F33A79F00AA161E /* Model.xcdatamodeld in Sources */ = {isa = PBXBuildFile; fileRef = 4155E9161F33A79F00AA161E /* Model.xcdatamodeld */; };
		4155E91A1F33AE3800AA161E /* AddImageViewController.swift in Sources */ = {isa = PBXBuildFile; fileRef = 4155E9191F33AE3800AA161E /* AddImageViewController.swift */; };
		4155E91C1F33AE6900AA161E /* RouteTableViewController.swift in Sources */ = {isa = PBXBuildFile; fileRef = 4155E91B1F33AE6900AA161E /* RouteTableViewController.swift */; };
		4155E91E1F33AEA100AA161E /* ImageCollectionViewController.swift in Sources */ = {isa = PBXBuildFile; fileRef = 4155E91D1F33AEA100AA161E /* ImageCollectionViewController.swift */; };
		4155E9201F33AEC000AA161E /* PhotoViewController.swift in Sources */ = {isa = PBXBuildFile; fileRef = 4155E91F1F33AEC000AA161E /* PhotoViewController.swift */; };
		4155E9231F33AEF300AA161E /* ImageCollectionViewCell.swift in Sources */ = {isa = PBXBuildFile; fileRef = 4155E9221F33AEF300AA161E /* ImageCollectionViewCell.swift */; };
		415AD4E41F2DFC7500E791CD /* AppDelegate.swift in Sources */ = {isa = PBXBuildFile; fileRef = 415AD4E31F2DFC7500E791CD /* AppDelegate.swift */; };
		415AD4E61F2DFC7500E791CD /* ViewController.swift in Sources */ = {isa = PBXBuildFile; fileRef = 415AD4E51F2DFC7500E791CD /* ViewController.swift */; };
		415AD4E91F2DFC7500E791CD /* Main.storyboard in Resources */ = {isa = PBXBuildFile; fileRef = 415AD4E71F2DFC7500E791CD /* Main.storyboard */; };
		415AD4EB1F2DFC7500E791CD /* Assets.xcassets in Resources */ = {isa = PBXBuildFile; fileRef = 415AD4EA1F2DFC7500E791CD /* Assets.xcassets */; };
		415AD4EE1F2DFC7500E791CD /* LaunchScreen.storyboard in Resources */ = {isa = PBXBuildFile; fileRef = 415AD4EC1F2DFC7500E791CD /* LaunchScreen.storyboard */; };
		417745A11F35D7CA000E06E8 /* Constants.swift in Sources */ = {isa = PBXBuildFile; fileRef = 4177459F1F35D7CA000E06E8 /* Constants.swift */; };
		417745A21F35D7CA000E06E8 /* CoreDataHandler.swift in Sources */ = {isa = PBXBuildFile; fileRef = 417745A01F35D7CA000E06E8 /* CoreDataHandler.swift */; };
		417745B61F35DC44000E06E8 /* Reachability.m in Sources */ = {isa = PBXBuildFile; fileRef = 417745B51F35DC44000E06E8 /* Reachability.m */; };
		417745B91F35F2A2000E06E8 /* ErrorMessage.swift in Sources */ = {isa = PBXBuildFile; fileRef = 417745B81F35F2A2000E06E8 /* ErrorMessage.swift */; };
/* End PBXBuildFile section */

/* Begin PBXFileReference section */
		4121980F1F310AE200A2467D /* MainRouteControllerViewController.swift */ = {isa = PBXFileReference; fileEncoding = 4; lastKnownFileType = sourcecode.swift; path = MainRouteControllerViewController.swift; sourceTree = "<group>"; };
		412C30801F38F33300FC8A6C /* Photo+CoreDataClass.swift */ = {isa = PBXFileReference; fileEncoding = 4; lastKnownFileType = sourcecode.swift; path = "Photo+CoreDataClass.swift"; sourceTree = "<group>"; };
		412C30811F38F33300FC8A6C /* Photo+CoreDataProperties.swift */ = {isa = PBXFileReference; fileEncoding = 4; lastKnownFileType = sourcecode.swift; path = "Photo+CoreDataProperties.swift"; sourceTree = "<group>"; };
		412C30821F38F33300FC8A6C /* Route+CoreDataClass.swift */ = {isa = PBXFileReference; fileEncoding = 4; lastKnownFileType = sourcecode.swift; path = "Route+CoreDataClass.swift"; sourceTree = "<group>"; };
		412C30831F38F33300FC8A6C /* Route+CoreDataProperties.swift */ = {isa = PBXFileReference; fileEncoding = 4; lastKnownFileType = sourcecode.swift; path = "Route+CoreDataProperties.swift"; sourceTree = "<group>"; };
		412C30881F38F36C00FC8A6C /* PhotoItem.swift */ = {isa = PBXFileReference; fileEncoding = 4; lastKnownFileType = sourcecode.swift; path = PhotoItem.swift; sourceTree = "<group>"; };
		4151F04E1F3738F300E0F539 /* ConnectionHandler.swift */ = {isa = PBXFileReference; fileEncoding = 4; lastKnownFileType = sourcecode.swift; path = ConnectionHandler.swift; sourceTree = "<group>"; };
		4155E9141F33A6B900AA161E /* ViewRouteViewController.swift */ = {isa = PBXFileReference; fileEncoding = 4; lastKnownFileType = sourcecode.swift; path = ViewRouteViewController.swift; sourceTree = "<group>"; };
		4155E9171F33A79F00AA161E /* Model.xcdatamodel */ = {isa = PBXFileReference; lastKnownFileType = wrapper.xcdatamodel; path = Model.xcdatamodel; sourceTree = "<group>"; };
		4155E9191F33AE3800AA161E /* AddImageViewController.swift */ = {isa = PBXFileReference; fileEncoding = 4; lastKnownFileType = sourcecode.swift; path = AddImageViewController.swift; sourceTree = "<group>"; };
		4155E91B1F33AE6900AA161E /* RouteTableViewController.swift */ = {isa = PBXFileReference; fileEncoding = 4; lastKnownFileType = sourcecode.swift; path = RouteTableViewController.swift; sourceTree = "<group>"; };
		4155E91D1F33AEA100AA161E /* ImageCollectionViewController.swift */ = {isa = PBXFileReference; fileEncoding = 4; lastKnownFileType = sourcecode.swift; path = ImageCollectionViewController.swift; sourceTree = "<group>"; };
		4155E91F1F33AEC000AA161E /* PhotoViewController.swift */ = {isa = PBXFileReference; fileEncoding = 4; lastKnownFileType = sourcecode.swift; path = PhotoViewController.swift; sourceTree = "<group>"; };
		4155E9221F33AEF300AA161E /* ImageCollectionViewCell.swift */ = {isa = PBXFileReference; fileEncoding = 4; lastKnownFileType = sourcecode.swift; path = ImageCollectionViewCell.swift; sourceTree = "<group>"; };
		415AD4E01F2DFC7500E791CD /* RideAlong.app */ = {isa = PBXFileReference; explicitFileType = wrapper.application; includeInIndex = 0; path = RideAlong.app; sourceTree = BUILT_PRODUCTS_DIR; };
		415AD4E31F2DFC7500E791CD /* AppDelegate.swift */ = {isa = PBXFileReference; lastKnownFileType = sourcecode.swift; path = AppDelegate.swift; sourceTree = "<group>"; };
		415AD4E51F2DFC7500E791CD /* ViewController.swift */ = {isa = PBXFileReference; lastKnownFileType = sourcecode.swift; path = ViewController.swift; sourceTree = "<group>"; };
		415AD4E81F2DFC7500E791CD /* Base */ = {isa = PBXFileReference; lastKnownFileType = file.storyboard; name = Base; path = Base.lproj/Main.storyboard; sourceTree = "<group>"; };
		415AD4EA1F2DFC7500E791CD /* Assets.xcassets */ = {isa = PBXFileReference; lastKnownFileType = folder.assetcatalog; path = Assets.xcassets; sourceTree = "<group>"; };
		415AD4ED1F2DFC7500E791CD /* Base */ = {isa = PBXFileReference; lastKnownFileType = file.storyboard; name = Base; path = Base.lproj/LaunchScreen.storyboard; sourceTree = "<group>"; };
		415AD4EF1F2DFC7500E791CD /* Info.plist */ = {isa = PBXFileReference; lastKnownFileType = text.plist.xml; path = Info.plist; sourceTree = "<group>"; };
		4177459F1F35D7CA000E06E8 /* Constants.swift */ = {isa = PBXFileReference; fileEncoding = 4; lastKnownFileType = sourcecode.swift; path = Constants.swift; sourceTree = "<group>"; };
		417745A01F35D7CA000E06E8 /* CoreDataHandler.swift */ = {isa = PBXFileReference; fileEncoding = 4; lastKnownFileType = sourcecode.swift; path = CoreDataHandler.swift; sourceTree = "<group>"; };
		417745B31F35DC43000E06E8 /* RideAlong-Bridging-Header.h */ = {isa = PBXFileReference; lastKnownFileType = sourcecode.c.h; path = "RideAlong-Bridging-Header.h"; sourceTree = "<group>"; };
		417745B41F35DC44000E06E8 /* Reachability.h */ = {isa = PBXFileReference; fileEncoding = 4; lastKnownFileType = sourcecode.c.h; path = Reachability.h; sourceTree = "<group>"; };
		417745B51F35DC44000E06E8 /* Reachability.m */ = {isa = PBXFileReference; fileEncoding = 4; lastKnownFileType = sourcecode.c.objc; path = Reachability.m; sourceTree = "<group>"; };
		417745B81F35F2A2000E06E8 /* ErrorMessage.swift */ = {isa = PBXFileReference; fileEncoding = 4; lastKnownFileType = sourcecode.swift; path = ErrorMessage.swift; sourceTree = "<group>"; };
/* End PBXFileReference section */

/* Begin PBXFrameworksBuildPhase section */
		415AD4DD1F2DFC7500E791CD /* Frameworks */ = {
			isa = PBXFrameworksBuildPhase;
			buildActionMask = 2147483647;
			files = (
			);
			runOnlyForDeploymentPostprocessing = 0;
		};
/* End PBXFrameworksBuildPhase section */

/* Begin PBXGroup section */
		410548511F324FF800942A6A /* Route Recorder */ = {
			isa = PBXGroup;
			children = (
				4121980F1F310AE200A2467D /* MainRouteControllerViewController.swift */,
				4155E9191F33AE3800AA161E /* AddImageViewController.swift */,
			);
			name = "Route Recorder";
			sourceTree = "<group>";
		};
		410548521F32500B00942A6A /* Route Review */ = {
			isa = PBXGroup;
			children = (
				4155E9141F33A6B900AA161E /* ViewRouteViewController.swift */,
				4155E91B1F33AE6900AA161E /* RouteTableViewController.swift */,
				4155E91D1F33AEA100AA161E /* ImageCollectionViewController.swift */,
				4155E91F1F33AEC000AA161E /* PhotoViewController.swift */,
			);
			name = "Route Review";
			sourceTree = "<group>";
		};
		4121980E1F310AA000A2467D /* View Controllers */ = {
			isa = PBXGroup;
			children = (
				410548521F32500B00942A6A /* Route Review */,
				410548511F324FF800942A6A /* Route Recorder */,
			);
			name = "View Controllers";
			sourceTree = "<group>";
		};
		4151F04D1F3738E800E0F539 /* Connections */ = {
			isa = PBXGroup;
			children = (
				4151F04E1F3738F300E0F539 /* ConnectionHandler.swift */,
			);
			name = Connections;
			sourceTree = "<group>";
		};
		4155E9211F33AED300AA161E /* Custom Cells */ = {
			isa = PBXGroup;
			children = (
				4155E9221F33AEF300AA161E /* ImageCollectionViewCell.swift */,
			);
			name = "Custom Cells";
			sourceTree = "<group>";
		};
		415AD4D71F2DFC7500E791CD = {
			isa = PBXGroup;
			children = (
				415AD4E21F2DFC7500E791CD /* RideAlong */,
				415AD4E11F2DFC7500E791CD /* Products */,
			);
			sourceTree = "<group>";
		};
		415AD4E11F2DFC7500E791CD /* Products */ = {
			isa = PBXGroup;
			children = (
				415AD4E01F2DFC7500E791CD /* RideAlong.app */,
			);
			name = Products;
			sourceTree = "<group>";
		};
		415AD4E21F2DFC7500E791CD /* RideAlong */ = {
			isa = PBXGroup;
			children = (
				4151F04D1F3738E800E0F539 /* Connections */,
				417745B71F35F27D000E06E8 /* Helpers */,
				4177459E1F35D7B3000E06E8 /* Data */,
				4155E9211F33AED300AA161E /* Custom Cells */,
				4121980E1F310AA000A2467D /* View Controllers */,
				415AD4E31F2DFC7500E791CD /* AppDelegate.swift */,
				415AD4E51F2DFC7500E791CD /* ViewController.swift */,
				415AD4E71F2DFC7500E791CD /* Main.storyboard */,
				415AD4EA1F2DFC7500E791CD /* Assets.xcassets */,
				415AD4EC1F2DFC7500E791CD /* LaunchScreen.storyboard */,
				415AD4EF1F2DFC7500E791CD /* Info.plist */,
				4155E9161F33A79F00AA161E /* Model.xcdatamodeld */,
			);
			path = RideAlong;
			sourceTree = "<group>";
		};
		4177459E1F35D7B3000E06E8 /* Data */ = {
			isa = PBXGroup;
			children = (
				417745C21F36018D000E06E8 /* ManagedObjects */,
				417745B41F35DC44000E06E8 /* Reachability.h */,
				417745B51F35DC44000E06E8 /* Reachability.m */,
				4177459F1F35D7CA000E06E8 /* Constants.swift */,
				417745A01F35D7CA000E06E8 /* CoreDataHandler.swift */,
				417745B31F35DC43000E06E8 /* RideAlong-Bridging-Header.h */,
				412C30881F38F36C00FC8A6C /* PhotoItem.swift */,
			);
			name = Data;
			sourceTree = "<group>";
		};
		417745B71F35F27D000E06E8 /* Helpers */ = {
			isa = PBXGroup;
			children = (
				417745B81F35F2A2000E06E8 /* ErrorMessage.swift */,
			);
			name = Helpers;
			sourceTree = "<group>";
		};
		417745C21F36018D000E06E8 /* ManagedObjects */ = {
			isa = PBXGroup;
			children = (
				412C30801F38F33300FC8A6C /* Photo+CoreDataClass.swift */,
				412C30811F38F33300FC8A6C /* Photo+CoreDataProperties.swift */,
				412C30821F38F33300FC8A6C /* Route+CoreDataClass.swift */,
				412C30831F38F33300FC8A6C /* Route+CoreDataProperties.swift */,
			);
			name = ManagedObjects;
			sourceTree = "<group>";
		};
/* End PBXGroup section */

/* Begin PBXNativeTarget section */
		415AD4DF1F2DFC7500E791CD /* RideAlong */ = {
			isa = PBXNativeTarget;
			buildConfigurationList = 415AD4F21F2DFC7500E791CD /* Build configuration list for PBXNativeTarget "RideAlong" */;
			buildPhases = (
				415AD4DC1F2DFC7500E791CD /* Sources */,
				415AD4DD1F2DFC7500E791CD /* Frameworks */,
				415AD4DE1F2DFC7500E791CD /* Resources */,
			);
			buildRules = (
			);
			dependencies = (
			);
			name = RideAlong;
			productName = RideAlong;
			productReference = 415AD4E01F2DFC7500E791CD /* RideAlong.app */;
			productType = "com.apple.product-type.application";
		};
/* End PBXNativeTarget section */

/* Begin PBXProject section */
		415AD4D81F2DFC7500E791CD /* Project object */ = {
			isa = PBXProject;
			attributes = {
				LastSwiftUpdateCheck = 0830;
				LastUpgradeCheck = 0830;
				ORGANIZATIONNAME = "Richard H";
				TargetAttributes = {
					415AD4DF1F2DFC7500E791CD = {
						CreatedOnToolsVersion = 8.3.3;
						DevelopmentTeam = RX82536LZ9;
						LastSwiftMigration = 0830;
						ProvisioningStyle = Automatic;
					};
				};
			};
			buildConfigurationList = 415AD4DB1F2DFC7500E791CD /* Build configuration list for PBXProject "RideAlong" */;
			compatibilityVersion = "Xcode 3.2";
			developmentRegion = English;
			hasScannedForEncodings = 0;
			knownRegions = (
				en,
				Base,
			);
			mainGroup = 415AD4D71F2DFC7500E791CD;
			productRefGroup = 415AD4E11F2DFC7500E791CD /* Products */;
			projectDirPath = "";
			projectRoot = "";
			targets = (
				415AD4DF1F2DFC7500E791CD /* RideAlong */,
			);
		};
/* End PBXProject section */

/* Begin PBXResourcesBuildPhase section */
		415AD4DE1F2DFC7500E791CD /* Resources */ = {
			isa = PBXResourcesBuildPhase;
			buildActionMask = 2147483647;
			files = (
				415AD4EE1F2DFC7500E791CD /* LaunchScreen.storyboard in Resources */,
				415AD4EB1F2DFC7500E791CD /* Assets.xcassets in Resources */,
				415AD4E91F2DFC7500E791CD /* Main.storyboard in Resources */,
			);
			runOnlyForDeploymentPostprocessing = 0;
		};
/* End PBXResourcesBuildPhase section */

/* Begin PBXSourcesBuildPhase section */
		415AD4DC1F2DFC7500E791CD /* Sources */ = {
			isa = PBXSourcesBuildPhase;
			buildActionMask = 2147483647;
			files = (
				415AD4E61F2DFC7500E791CD /* ViewController.swift in Sources */,
				417745A21F35D7CA000E06E8 /* CoreDataHandler.swift in Sources */,
				412C30841F38F33300FC8A6C /* Photo+CoreDataClass.swift in Sources */,
				417745B91F35F2A2000E06E8 /* ErrorMessage.swift in Sources */,
				417745A11F35D7CA000E06E8 /* Constants.swift in Sources */,
				412C30851F38F33300FC8A6C /* Photo+CoreDataProperties.swift in Sources */,
				4155E9151F33A6B900AA161E /* ViewRouteViewController.swift in Sources */,
				4151F04F1F3738F300E0F539 /* ConnectionHandler.swift in Sources */,
				4155E91A1F33AE3800AA161E /* AddImageViewController.swift in Sources */,
				4155E9181F33A79F00AA161E /* Model.xcdatamodeld in Sources */,
				4155E91E1F33AEA100AA161E /* ImageCollectionViewController.swift in Sources */,
				412C30891F38F36C00FC8A6C /* PhotoItem.swift in Sources */,
				4155E9201F33AEC000AA161E /* PhotoViewController.swift in Sources */,
				4155E9231F33AEF300AA161E /* ImageCollectionViewCell.swift in Sources */,
				4155E91C1F33AE6900AA161E /* RouteTableViewController.swift in Sources */,
				412198101F310AE200A2467D /* MainRouteControllerViewController.swift in Sources */,
				412C30871F38F33300FC8A6C /* Route+CoreDataProperties.swift in Sources */,
				412C30861F38F33300FC8A6C /* Route+CoreDataClass.swift in Sources */,
				415AD4E41F2DFC7500E791CD /* AppDelegate.swift in Sources */,
				417745B61F35DC44000E06E8 /* Reachability.m in Sources */,
			);
			runOnlyForDeploymentPostprocessing = 0;
		};
/* End PBXSourcesBuildPhase section */

/* Begin PBXVariantGroup section */
		415AD4E71F2DFC7500E791CD /* Main.storyboard */ = {
			isa = PBXVariantGroup;
			children = (
				415AD4E81F2DFC7500E791CD /* Base */,
			);
			name = Main.storyboard;
			sourceTree = "<group>";
		};
		415AD4EC1F2DFC7500E791CD /* LaunchScreen.storyboard */ = {
			isa = PBXVariantGroup;
			children = (
				415AD4ED1F2DFC7500E791CD /* Base */,
			);
			name = LaunchScreen.storyboard;
			sourceTree = "<group>";
		};
/* End PBXVariantGroup section */

/* Begin XCBuildConfiguration section */
		415AD4F01F2DFC7500E791CD /* Debug */ = {
			isa = XCBuildConfiguration;
			buildSettings = {
				ALWAYS_SEARCH_USER_PATHS = NO;
				CLANG_ANALYZER_NONNULL = YES;
				CLANG_ANALYZER_NUMBER_OBJECT_CONVERSION = YES_AGGRESSIVE;
				CLANG_CXX_LANGUAGE_STANDARD = "gnu++0x";
				CLANG_CXX_LIBRARY = "libc++";
				CLANG_ENABLE_MODULES = YES;
				CLANG_ENABLE_OBJC_ARC = YES;
				CLANG_WARN_BOOL_CONVERSION = YES;
				CLANG_WARN_CONSTANT_CONVERSION = YES;
				CLANG_WARN_DIRECT_OBJC_ISA_USAGE = YES_ERROR;
				CLANG_WARN_DOCUMENTATION_COMMENTS = YES;
				CLANG_WARN_EMPTY_BODY = YES;
				CLANG_WARN_ENUM_CONVERSION = YES;
				CLANG_WARN_INFINITE_RECURSION = YES;
				CLANG_WARN_INT_CONVERSION = YES;
				CLANG_WARN_OBJC_ROOT_CLASS = YES_ERROR;
				CLANG_WARN_SUSPICIOUS_MOVE = YES;
				CLANG_WARN_UNREACHABLE_CODE = YES;
				CLANG_WARN__DUPLICATE_METHOD_MATCH = YES;
				"CODE_SIGN_IDENTITY[sdk=iphoneos*]" = "iPhone Developer";
				COPY_PHASE_STRIP = NO;
				DEBUG_INFORMATION_FORMAT = dwarf;
				ENABLE_STRICT_OBJC_MSGSEND = YES;
				ENABLE_TESTABILITY = YES;
				GCC_C_LANGUAGE_STANDARD = gnu99;
				GCC_DYNAMIC_NO_PIC = NO;
				GCC_NO_COMMON_BLOCKS = YES;
				GCC_OPTIMIZATION_LEVEL = 0;
				GCC_PREPROCESSOR_DEFINITIONS = (
					"DEBUG=1",
					"$(inherited)",
				);
				GCC_WARN_64_TO_32_BIT_CONVERSION = YES;
				GCC_WARN_ABOUT_RETURN_TYPE = YES_ERROR;
				GCC_WARN_UNDECLARED_SELECTOR = YES;
				GCC_WARN_UNINITIALIZED_AUTOS = YES_AGGRESSIVE;
				GCC_WARN_UNUSED_FUNCTION = YES;
				GCC_WARN_UNUSED_VARIABLE = YES;
				IPHONEOS_DEPLOYMENT_TARGET = 10.3;
				MTL_ENABLE_DEBUG_INFO = YES;
				ONLY_ACTIVE_ARCH = YES;
				SDKROOT = iphoneos;
				SWIFT_ACTIVE_COMPILATION_CONDITIONS = DEBUG;
				SWIFT_OPTIMIZATION_LEVEL = "-Onone";
			};
			name = Debug;
		};
		415AD4F11F2DFC7500E791CD /* Release */ = {
			isa = XCBuildConfiguration;
			buildSettings = {
				ALWAYS_SEARCH_USER_PATHS = NO;
				CLANG_ANALYZER_NONNULL = YES;
				CLANG_ANALYZER_NUMBER_OBJECT_CONVERSION = YES_AGGRESSIVE;
				CLANG_CXX_LANGUAGE_STANDARD = "gnu++0x";
				CLANG_CXX_LIBRARY = "libc++";
				CLANG_ENABLE_MODULES = YES;
				CLANG_ENABLE_OBJC_ARC = YES;
				CLANG_WARN_BOOL_CONVERSION = YES;
				CLANG_WARN_CONSTANT_CONVERSION = YES;
				CLANG_WARN_DIRECT_OBJC_ISA_USAGE = YES_ERROR;
				CLANG_WARN_DOCUMENTATION_COMMENTS = YES;
				CLANG_WARN_EMPTY_BODY = YES;
				CLANG_WARN_ENUM_CONVERSION = YES;
				CLANG_WARN_INFINITE_RECURSION = YES;
				CLANG_WARN_INT_CONVERSION = YES;
				CLANG_WARN_OBJC_ROOT_CLASS = YES_ERROR;
				CLANG_WARN_SUSPICIOUS_MOVE = YES;
				CLANG_WARN_UNREACHABLE_CODE = YES;
				CLANG_WARN__DUPLICATE_METHOD_MATCH = YES;
				"CODE_SIGN_IDENTITY[sdk=iphoneos*]" = "iPhone Developer";
				COPY_PHASE_STRIP = NO;
				DEBUG_INFORMATION_FORMAT = "dwarf-with-dsym";
				ENABLE_NS_ASSERTIONS = NO;
				ENABLE_STRICT_OBJC_MSGSEND = YES;
				GCC_C_LANGUAGE_STANDARD = gnu99;
				GCC_NO_COMMON_BLOCKS = YES;
				GCC_WARN_64_TO_32_BIT_CONVERSION = YES;
				GCC_WARN_ABOUT_RETURN_TYPE = YES_ERROR;
				GCC_WARN_UNDECLARED_SELECTOR = YES;
				GCC_WARN_UNINITIALIZED_AUTOS = YES_AGGRESSIVE;
				GCC_WARN_UNUSED_FUNCTION = YES;
				GCC_WARN_UNUSED_VARIABLE = YES;
				IPHONEOS_DEPLOYMENT_TARGET = 10.3;
				MTL_ENABLE_DEBUG_INFO = NO;
				SDKROOT = iphoneos;
				SWIFT_OPTIMIZATION_LEVEL = "-Owholemodule";
				VALIDATE_PRODUCT = YES;
			};
			name = Release;
		};
		415AD4F31F2DFC7500E791CD /* Debug */ = {
			isa = XCBuildConfiguration;
			buildSettings = {
				ASSETCATALOG_COMPILER_APPICON_NAME = AppIcon;
				CLANG_ENABLE_MODULES = YES;
				DEVELOPMENT_TEAM = RX82536LZ9;
				INFOPLIST_FILE = RideAlong/Info.plist;
				LD_RUNPATH_SEARCH_PATHS = "$(inherited) @executable_path/Frameworks";
				PRODUCT_BUNDLE_IDENTIFIER = com.test.test.RideAlong;
				PRODUCT_NAME = "$(TARGET_NAME)";
				SWIFT_OBJC_BRIDGING_HEADER = "RideAlong/RideAlong-Bridging-Header.h";
				SWIFT_OPTIMIZATION_LEVEL = "-Onone";
				SWIFT_VERSION = 3.0;
			};
			name = Debug;
		};
		415AD4F41F2DFC7500E791CD /* Release */ = {
			isa = XCBuildConfiguration;
			buildSettings = {
				ASSETCATALOG_COMPILER_APPICON_NAME = AppIcon;
				CLANG_ENABLE_MODULES = YES;
				DEVELOPMENT_TEAM = RX82536LZ9;
				INFOPLIST_FILE = RideAlong/Info.plist;
				LD_RUNPATH_SEARCH_PATHS = "$(inherited) @executable_path/Frameworks";
				PRODUCT_BUNDLE_IDENTIFIER = com.test.test.RideAlong;
				PRODUCT_NAME = "$(TARGET_NAME)";
				SWIFT_OBJC_BRIDGING_HEADER = "RideAlong/RideAlong-Bridging-Header.h";
				SWIFT_VERSION = 3.0;
			};
			name = Release;
		};
/* End XCBuildConfiguration section */

/* Begin XCConfigurationList section */
		415AD4DB1F2DFC7500E791CD /* Build configuration list for PBXProject "RideAlong" */ = {
			isa = XCConfigurationList;
			buildConfigurations = (
				415AD4F01F2DFC7500E791CD /* Debug */,
				415AD4F11F2DFC7500E791CD /* Release */,
			);
			defaultConfigurationIsVisible = 0;
			defaultConfigurationName = Release;
		};
		415AD4F21F2DFC7500E791CD /* Build configuration list for PBXNativeTarget "RideAlong" */ = {
			isa = XCConfigurationList;
			buildConfigurations = (
				415AD4F31F2DFC7500E791CD /* Debug */,
				415AD4F41F2DFC7500E791CD /* Release */,
			);
			defaultConfigurationIsVisible = 0;
			defaultConfigurationName = Release;
		};
/* End XCConfigurationList section */

/* Begin XCVersionGroup section */
		4155E9161F33A79F00AA161E /* Model.xcdatamodeld */ = {
			isa = XCVersionGroup;
			children = (
				4155E9171F33A79F00AA161E /* Model.xcdatamodel */,
			);
			currentVersion = 4155E9171F33A79F00AA161E /* Model.xcdatamodel */;
			path = Model.xcdatamodeld;
			sourceTree = "<group>";
			versionGroupType = wrapper.xcdatamodel;
		};
/* End XCVersionGroup section */
	};
	rootObject = 415AD4D81F2DFC7500E791CD /* Project object */;
}
